// !$*UTF8*$!
{
	archiveVersion = 1;
	classes = {
	};
	objectVersion = 46;
	objects = {

/* Begin PBXBuildFile section */
		CB6E2A9F1AC7CBF9001AAE51 /* AppDelegate.swift in Sources */ = {isa = PBXBuildFile; fileRef = CB6E2A9E1AC7CBF9001AAE51 /* AppDelegate.swift */; };
		CB6E2AA11AC7CBF9001AAE51 /* Document.swift in Sources */ = {isa = PBXBuildFile; fileRef = CB6E2AA01AC7CBF9001AAE51 /* Document.swift */; };
		CB6E2AA41AC7CBF9001AAE51 /* Document.xib in Resources */ = {isa = PBXBuildFile; fileRef = CB6E2AA21AC7CBF9001AAE51 /* Document.xib */; };
		CB6E2AA61AC7CBF9001AAE51 /* Images.xcassets in Resources */ = {isa = PBXBuildFile; fileRef = CB6E2AA51AC7CBF9001AAE51 /* Images.xcassets */; };
		CB6E2AA91AC7CBF9001AAE51 /* MainMenu.xib in Resources */ = {isa = PBXBuildFile; fileRef = CB6E2AA71AC7CBF9001AAE51 /* MainMenu.xib */; };
		CB6E2AB51AC7CBF9001AAE51 /* Elias_MacTests.swift in Sources */ = {isa = PBXBuildFile; fileRef = CB6E2AB41AC7CBF9001AAE51 /* Elias_MacTests.swift */; };
/* End PBXBuildFile section */

/* Begin PBXContainerItemProxy section */
		CB6E2AAF1AC7CBF9001AAE51 /* PBXContainerItemProxy */ = {
			isa = PBXContainerItemProxy;
			containerPortal = CB6E2A911AC7CBF9001AAE51 /* Project object */;
			proxyType = 1;
			remoteGlobalIDString = CB6E2A981AC7CBF9001AAE51;
			remoteInfo = "Elias-Mac";
		};
/* End PBXContainerItemProxy section */

/* Begin PBXFileReference section */
		CB6E2A991AC7CBF9001AAE51 /* Elias-Mac.app */ = {isa = PBXFileReference; explicitFileType = wrapper.application; includeInIndex = 0; path = "Elias-Mac.app"; sourceTree = BUILT_PRODUCTS_DIR; };
		CB6E2A9D1AC7CBF9001AAE51 /* Info.plist */ = {isa = PBXFileReference; lastKnownFileType = text.plist.xml; path = Info.plist; sourceTree = "<group>"; };
		CB6E2A9E1AC7CBF9001AAE51 /* AppDelegate.swift */ = {isa = PBXFileReference; lastKnownFileType = sourcecode.swift; path = AppDelegate.swift; sourceTree = "<group>"; };
		CB6E2AA01AC7CBF9001AAE51 /* Document.swift */ = {isa = PBXFileReference; lastKnownFileType = sourcecode.swift; path = Document.swift; sourceTree = "<group>"; };
		CB6E2AA31AC7CBF9001AAE51 /* Base */ = {isa = PBXFileReference; lastKnownFileType = file.xib; name = Base; path = Base.lproj/Document.xib; sourceTree = "<group>"; };
		CB6E2AA51AC7CBF9001AAE51 /* Images.xcassets */ = {isa = PBXFileReference; lastKnownFileType = folder.assetcatalog; path = Images.xcassets; sourceTree = "<group>"; };
		CB6E2AA81AC7CBF9001AAE51 /* Base */ = {isa = PBXFileReference; lastKnownFileType = file.xib; name = Base; path = Base.lproj/MainMenu.xib; sourceTree = "<group>"; };
		CB6E2AAE1AC7CBF9001AAE51 /* Elias-MacTests.xctest */ = {isa = PBXFileReference; explicitFileType = wrapper.cfbundle; includeInIndex = 0; path = "Elias-MacTests.xctest"; sourceTree = BUILT_PRODUCTS_DIR; };
		CB6E2AB31AC7CBF9001AAE51 /* Info.plist */ = {isa = PBXFileReference; lastKnownFileType = text.plist.xml; path = Info.plist; sourceTree = "<group>"; };
		CB6E2AB41AC7CBF9001AAE51 /* Elias_MacTests.swift */ = {isa = PBXFileReference; lastKnownFileType = sourcecode.swift; path = Elias_MacTests.swift; sourceTree = "<group>"; };
/* End PBXFileReference section */

/* Begin PBXFrameworksBuildPhase section */
		CB6E2A961AC7CBF9001AAE51 /* Frameworks */ = {
			isa = PBXFrameworksBuildPhase;
			buildActionMask = 2147483647;
			files = (
			);
			runOnlyForDeploymentPostprocessing = 0;
		};
		CB6E2AAB1AC7CBF9001AAE51 /* Frameworks */ = {
			isa = PBXFrameworksBuildPhase;
			buildActionMask = 2147483647;
			files = (
			);
			runOnlyForDeploymentPostprocessing = 0;
		};
/* End PBXFrameworksBuildPhase section */

/* Begin PBXGroup section */
		CB6E2A901AC7CBF9001AAE51 = {
			isa = PBXGroup;
			children = (
				CB6E2A9B1AC7CBF9001AAE51 /* Elias-Mac */,
				CB6E2AB11AC7CBF9001AAE51 /* Elias-MacTests */,
				CB6E2A9A1AC7CBF9001AAE51 /* Products */,
			);
			sourceTree = "<group>";
		};
		CB6E2A9A1AC7CBF9001AAE51 /* Products */ = {
			isa = PBXGroup;
			children = (
				CB6E2A991AC7CBF9001AAE51 /* Elias-Mac.app */,
				CB6E2AAE1AC7CBF9001AAE51 /* Elias-MacTests.xctest */,
			);
			name = Products;
			sourceTree = "<group>";
		};
		CB6E2A9B1AC7CBF9001AAE51 /* Elias-Mac */ = {
			isa = PBXGroup;
			children = (
				CB6E2A9E1AC7CBF9001AAE51 /* AppDelegate.swift */,
				CB6E2AA01AC7CBF9001AAE51 /* Document.swift */,
				CB6E2AA21AC7CBF9001AAE51 /* Document.xib */,
				CB6E2AA51AC7CBF9001AAE51 /* Images.xcassets */,
				CB6E2AA71AC7CBF9001AAE51 /* MainMenu.xib */,
				CB6E2A9C1AC7CBF9001AAE51 /* Supporting Files */,
			);
			path = "Elias-Mac";
			sourceTree = "<group>";
		};
		CB6E2A9C1AC7CBF9001AAE51 /* Supporting Files */ = {
			isa = PBXGroup;
			children = (
				CB6E2A9D1AC7CBF9001AAE51 /* Info.plist */,
			);
			name = "Supporting Files";
			sourceTree = "<group>";
		};
		CB6E2AB11AC7CBF9001AAE51 /* Elias-MacTests */ = {
			isa = PBXGroup;
			children = (
				CB6E2AB41AC7CBF9001AAE51 /* Elias_MacTests.swift */,
				CB6E2AB21AC7CBF9001AAE51 /* Supporting Files */,
			);
			path = "Elias-MacTests";
			sourceTree = "<group>";
		};
		CB6E2AB21AC7CBF9001AAE51 /* Supporting Files */ = {
			isa = PBXGroup;
			children = (
				CB6E2AB31AC7CBF9001AAE51 /* Info.plist */,
			);
			name = "Supporting Files";
			sourceTree = "<group>";
		};
/* End PBXGroup section */

/* Begin PBXNativeTarget section */
		CB6E2A981AC7CBF9001AAE51 /* Elias-Mac */ = {
			isa = PBXNativeTarget;
			buildConfigurationList = CB6E2AB81AC7CBF9001AAE51 /* Build configuration list for PBXNativeTarget "Elias-Mac" */;
			buildPhases = (
				CB6E2A951AC7CBF9001AAE51 /* Sources */,
				CB6E2A961AC7CBF9001AAE51 /* Frameworks */,
				CB6E2A971AC7CBF9001AAE51 /* Resources */,
			);
			buildRules = (
			);
			dependencies = (
			);
			name = "Elias-Mac";
			productName = "Elias-Mac";
			productReference = CB6E2A991AC7CBF9001AAE51 /* Elias-Mac.app */;
			productType = "com.apple.product-type.application";
		};
		CB6E2AAD1AC7CBF9001AAE51 /* Elias-MacTests */ = {
			isa = PBXNativeTarget;
			buildConfigurationList = CB6E2ABB1AC7CBF9001AAE51 /* Build configuration list for PBXNativeTarget "Elias-MacTests" */;
			buildPhases = (
				CB6E2AAA1AC7CBF9001AAE51 /* Sources */,
				CB6E2AAB1AC7CBF9001AAE51 /* Frameworks */,
				CB6E2AAC1AC7CBF9001AAE51 /* Resources */,
			);
			buildRules = (
			);
			dependencies = (
				CB6E2AB01AC7CBF9001AAE51 /* PBXTargetDependency */,
			);
			name = "Elias-MacTests";
			productName = "Elias-MacTests";
			productReference = CB6E2AAE1AC7CBF9001AAE51 /* Elias-MacTests.xctest */;
			productType = "com.apple.product-type.bundle.unit-test";
		};
/* End PBXNativeTarget section */

/* Begin PBXProject section */
		CB6E2A911AC7CBF9001AAE51 /* Project object */ = {
			isa = PBXProject;
			attributes = {
				LastUpgradeCheck = 0610;
				ORGANIZATIONNAME = zhou;
				TargetAttributes = {
					CB6E2A981AC7CBF9001AAE51 = {
						CreatedOnToolsVersion = 6.1.1;
					};
					CB6E2AAD1AC7CBF9001AAE51 = {
						CreatedOnToolsVersion = 6.1.1;
						TestTargetID = CB6E2A981AC7CBF9001AAE51;
					};
				};
			};
			buildConfigurationList = CB6E2A941AC7CBF9001AAE51 /* Build configuration list for PBXProject "Elias-Mac" */;
			compatibilityVersion = "Xcode 3.2";
			developmentRegion = English;
			hasScannedForEncodings = 0;
			knownRegions = (
				en,
				Base,
			);
			mainGroup = CB6E2A901AC7CBF9001AAE51;
			productRefGroup = CB6E2A9A1AC7CBF9001AAE51 /* Products */;
			projectDirPath = "";
			projectRoot = "";
			targets = (
				CB6E2A981AC7CBF9001AAE51 /* Elias-Mac */,
				CB6E2AAD1AC7CBF9001AAE51 /* Elias-MacTests */,
			);
		};
/* End PBXProject section */

/* Begin PBXResourcesBuildPhase section */
		CB6E2A971AC7CBF9001AAE51 /* Resources */ = {
			isa = PBXResourcesBuildPhase;
			buildActionMask = 2147483647;
			files = (
				CB6E2AA41AC7CBF9001AAE51 /* Document.xib in Resources */,
				CB6E2AA61AC7CBF9001AAE51 /* Images.xcassets in Resources */,
				CB6E2AA91AC7CBF9001AAE51 /* MainMenu.xib in Resources */,
			);
			runOnlyForDeploymentPostprocessing = 0;
		};
		CB6E2AAC1AC7CBF9001AAE51 /* Resources */ = {
			isa = PBXResourcesBuildPhase;
			buildActionMask = 2147483647;
			files = (
			);
			runOnlyForDeploymentPostprocessing = 0;
		};
/* End PBXResourcesBuildPhase section */

/* Begin PBXSourcesBuildPhase section */
		CB6E2A951AC7CBF9001AAE51 /* Sources */ = {
			isa = PBXSourcesBuildPhase;
			buildActionMask = 2147483647;
			files = (
				CB6E2AA11AC7CBF9001AAE51 /* Document.swift in Sources */,
				CB6E2A9F1AC7CBF9001AAE51 /* AppDelegate.swift in Sources */,
			);
			runOnlyForDeploymentPostprocessing = 0;
		};
		CB6E2AAA1AC7CBF9001AAE51 /* Sources */ = {
			isa = PBXSourcesBuildPhase;
			buildActionMask = 2147483647;
			files = (
				CB6E2AB51AC7CBF9001AAE51 /* Elias_MacTests.swift in Sources */,
			);
			runOnlyForDeploymentPostprocessing = 0;
		};
/* End PBXSourcesBuildPhase section */

/* Begin PBXTargetDependency section */
		CB6E2AB01AC7CBF9001AAE51 /* PBXTargetDependency */ = {
			isa = PBXTargetDependency;
			target = CB6E2A981AC7CBF9001AAE51 /* Elias-Mac */;
			targetProxy = CB6E2AAF1AC7CBF9001AAE51 /* PBXContainerItemProxy */;
		};
/* End PBXTargetDependency section */

/* Begin PBXVariantGroup section */
		CB6E2AA21AC7CBF9001AAE51 /* Document.xib */ = {
			isa = PBXVariantGroup;
			children = (
				CB6E2AA31AC7CBF9001AAE51 /* Base */,
			);
			name = Document.xib;
			sourceTree = "<group>";
		};
		CB6E2AA71AC7CBF9001AAE51 /* MainMenu.xib */ = {
			isa = PBXVariantGroup;
			children = (
				CB6E2AA81AC7CBF9001AAE51 /* Base */,
			);
			name = MainMenu.xib;
			sourceTree = "<group>";
		};
/* End PBXVariantGroup section */

/* Begin XCBuildConfiguration section */
		CB6E2AB61AC7CBF9001AAE51 /* Debug */ = {
			isa = XCBuildConfiguration;
			buildSettings = {
				ALWAYS_SEARCH_USER_PATHS = NO;
				CLANG_CXX_LANGUAGE_STANDARD = "gnu++0x";
				CLANG_CXX_LIBRARY = "libc++";
				CLANG_ENABLE_MODULES = YES;
				CLANG_ENABLE_OBJC_ARC = YES;
				CLANG_WARN_BOOL_CONVERSION = YES;
				CLANG_WARN_CONSTANT_CONVERSION = YES;
				CLANG_WARN_DIRECT_OBJC_ISA_USAGE = YES_ERROR;
				CLANG_WARN_EMPTY_BODY = YES;
				CLANG_WARN_ENUM_CONVERSION = YES;
				CLANG_WARN_INT_CONVERSION = YES;
				CLANG_WARN_OBJC_ROOT_CLASS = YES_ERROR;
				CLANG_WARN_UNREACHABLE_CODE = YES;
				CLANG_WARN__DUPLICATE_METHOD_MATCH = YES;
				CODE_SIGN_IDENTITY = "-";
				COPY_PHASE_STRIP = NO;
				ENABLE_STRICT_OBJC_MSGSEND = YES;
				GCC_C_LANGUAGE_STANDARD = gnu99;
				GCC_DYNAMIC_NO_PIC = NO;
				GCC_OPTIMIZATION_LEVEL = 0;
				GCC_PREPROCESSOR_DEFINITIONS = (
					"DEBUG=1",
					"$(inherited)",
				);
				GCC_SYMBOLS_PRIVATE_EXTERN = NO;
				GCC_WARN_64_TO_32_BIT_CONVERSION = YES;
				GCC_WARN_ABOUT_RETURN_TYPE = YES_ERROR;
				GCC_WARN_UNDECLARED_SELECTOR = YES;
				GCC_WARN_UNINITIALIZED_AUTOS = YES_AGGRESSIVE;
				GCC_WARN_UNUSED_FUNCTION = YES;
				GCC_WARN_UNUSED_VARIABLE = YES;
				MACOSX_DEPLOYMENT_TARGET = 10.10;
				MTL_ENABLE_DEBUG_INFO = YES;
				ONLY_ACTIVE_ARCH = YES;
				SDKROOT = macosx;
				SWIFT_OPTIMIZATION_LEVEL = "-Onone";
			};
			name = Debug;
		};
		CB6E2AB71AC7CBF9001AAE51 /* Release */ = {
			isa = XCBuildConfiguration;
			buildSettings = {
				ALWAYS_SEARCH_USER_PATHS = NO;
				CLANG_CXX_LANGUAGE_STANDARD = "gnu++0x";
				CLANG_CXX_LIBRARY = "libc++";
				CLANG_ENABLE_MODULES = YES;
				CLANG_ENABLE_OBJC_ARC = YES;
				CLANG_WARN_BOOL_CONVERSION = YES;
				CLANG_WARN_CONSTANT_CONVERSION = YES;
				CLANG_WARN_DIRECT_OBJC_ISA_USAGE = YES_ERROR;
				CLANG_WARN_EMPTY_BODY = YES;
				CLANG_WARN_ENUM_CONVERSION = YES;
				CLANG_WARN_INT_CONVERSION = YES;
				CLANG_WARN_OBJC_ROOT_CLASS = YES_ERROR;
				CLANG_WARN_UNREACHABLE_CODE = YES;
				CLANG_WARN__DUPLICATE_METHOD_MATCH = YES;
				CODE_SIGN_IDENTITY = "-";
				COPY_PHASE_STRIP = YES;
				DEBUG_INFORMATION_FORMAT = "dwarf-with-dsym";
				ENABLE_NS_ASSERTIONS = NO;
				ENABLE_STRICT_OBJC_MSGSEND = YES;
				GCC_C_LANGUAGE_STANDARD = gnu99;
				GCC_WARN_64_TO_32_BIT_CONVERSION = YES;
				GCC_WARN_ABOUT_RETURN_TYPE = YES_ERROR;
				GCC_WARN_UNDECLARED_SELECTOR = YES;
				GCC_WARN_UNINITIALIZED_AUTOS = YES_AGGRESSIVE;
				GCC_WARN_UNUSED_FUNCTION = YES;
				GCC_WARN_UNUSED_VARIABLE = YES;
				MACOSX_DEPLOYMENT_TARGET = 10.10;
				MTL_ENABLE_DEBUG_INFO = NO;
				SDKROOT = macosx;
			};
			name = Release;
		};
		CB6E2AB91AC7CBF9001AAE51 /* Debug */ = {
			isa = XCBuildConfiguration;
			buildSettings = {
				ASSETCATALOG_COMPILER_APPICON_NAME = AppIcon;
				COMBINE_HIDPI_IMAGES = YES;
				INFOPLIST_FILE = "Elias-Mac/Info.plist";
				LD_RUNPATH_SEARCH_PATHS = "$(inherited) @executable_path/../Frameworks";
				PRODUCT_NAME = "$(TARGET_NAME)";
			};
			name = Debug;
		};
		CB6E2ABA1AC7CBF9001AAE51 /* Release */ = {
			isa = XCBuildConfiguration;
			buildSettings = {
				ASSETCATALOG_COMPILER_APPICON_NAME = AppIcon;
				COMBINE_HIDPI_IMAGES = YES;
				INFOPLIST_FILE = "Elias-Mac/Info.plist";
				LD_RUNPATH_SEARCH_PATHS = "$(inherited) @executable_path/../Frameworks";
				PRODUCT_NAME = "$(TARGET_NAME)";
			};
			name = Release;
		};
		CB6E2ABC1AC7CBF9001AAE51 /* Debug */ = {
			isa = XCBuildConfiguration;
			buildSettings = {
				BUNDLE_LOADER = "$(TEST_HOST)";
				COMBINE_HIDPI_IMAGES = YES;
				FRAMEWORK_SEARCH_PATHS = (
					"$(DEVELOPER_FRAMEWORKS_DIR)",
					"$(inherited)",
				);
				GCC_PREPROCESSOR_DEFINITIONS = (
					"DEBUG=1",
					"$(inherited)",
				);
				INFOPLIST_FILE = "Elias-MacTests/Info.plist";
				LD_RUNPATH_SEARCH_PATHS = "$(inherited) @executable_path/../Frameworks @loader_path/../Frameworks";
				PRODUCT_NAME = "$(TARGET_NAME)";
				TEST_HOST = "$(BUILT_PRODUCTS_DIR)/Elias-Mac.app/Contents/MacOS/Elias-Mac";
			};
			name = Debug;
		};
		CB6E2ABD1AC7CBF9001AAE51 /* Release */ = {
			isa = XCBuildConfiguration;
			buildSettings = {
				BUNDLE_LOADER = "$(TEST_HOST)";
				COMBINE_HIDPI_IMAGES = YES;
				FRAMEWORK_SEARCH_PATHS = (
					"$(DEVELOPER_FRAMEWORKS_DIR)",
					"$(inherited)",
				);
				INFOPLIST_FILE = "Elias-MacTests/Info.plist";
				LD_RUNPATH_SEARCH_PATHS = "$(inherited) @executable_path/../Frameworks @loader_path/../Frameworks";
				PRODUCT_NAME = "$(TARGET_NAME)";
				TEST_HOST = "$(BUILT_PRODUCTS_DIR)/Elias-Mac.app/Contents/MacOS/Elias-Mac";
			};
			name = Release;
		};
/* End XCBuildConfiguration section */

/* Begin XCConfigurationList section */
		CB6E2A941AC7CBF9001AAE51 /* Build configuration list for PBXProject "Elias-Mac" */ = {
			isa = XCConfigurationList;
			buildConfigurations = (
				CB6E2AB61AC7CBF9001AAE51 /* Debug */,
				CB6E2AB71AC7CBF9001AAE51 /* Release */,
			);
			defaultConfigurationIsVisible = 0;
			defaultConfigurationName = Release;
		};
		CB6E2AB81AC7CBF9001AAE51 /* Build configuration list for PBXNativeTarget "Elias-Mac" */ = {
			isa = XCConfigurationList;
			buildConfigurations = (
				CB6E2AB91AC7CBF9001AAE51 /* Debug */,
				CB6E2ABA1AC7CBF9001AAE51 /* Release */,
			);
			defaultConfigurationIsVisible = 0;
		};
		CB6E2ABB1AC7CBF9001AAE51 /* Build configuration list for PBXNativeTarget "Elias-MacTests" */ = {
			isa = XCConfigurationList;
			buildConfigurations = (
				CB6E2ABC1AC7CBF9001AAE51 /* Debug */,
				CB6E2ABD1AC7CBF9001AAE51 /* Release */,
			);
			defaultConfigurationIsVisible = 0;
		};
/* End XCConfigurationList section */
	};
	rootObject = CB6E2A911AC7CBF9001AAE51 /* Project object */;
}
